
Microsoft Visual Studio Solution File, Format Version 12.00
# Visual Studio Version 17
VisualStudioVersion = 17.0.31903.59
MinimumVisualStudioVersion = 10.0.40219.1
Project("{2150E333-8FDC-42A3-9474-1A3956D46DE8}") = "src", "src", "{827E0CD3-B72D-47B6-A68D-7590B98EB39B}"
EndProject
Project("{FAE04EC0-301F-11D3-BF4B-00C04F79EFBC}") = "WellMindApi.Domain", "src\WellMindApi.Domain\WellMindApi.Domain.csproj", "{5CCC78A8-8CEC-4C1B-9D2B-DE46B21075CF}"
EndProject
Project("{FAE04EC0-301F-11D3-BF4B-00C04F79EFBC}") = "WellMindApi.Application", "src\WellMindApi.Application\WellMindApi.Application.csproj", "{943BEEFB-B017-4865-97D4-AE24F54BBE70}"
EndProject
Project("{FAE04EC0-301F-11D3-BF4B-00C04F79EFBC}") = "WellMindApi.Infrastructure", "src\WellMindApi.Infrastructure\WellMindApi.Infrastructure.csproj", "{6E29E5C5-2A6F-4004-813F-9B2ABA5F355A}"
EndProject
Project("{FAE04EC0-301F-11D3-BF4B-00C04F79EFBC}") = "WellMindApi.Api", "src\WellMindApi.Api\WellMindApi.Api.csproj", "{5BF7481E-D326-4D00-BF81-F7DFEF1DAFB6}"
EndProject
Project("{2150E333-8FDC-42A3-9474-1A3956D46DE8}") = "tests", "tests", "{0AB3BF05-4346-4AA6-1389-037BE0695223}"
EndProject
Project("{FAE04EC0-301F-11D3-BF4B-00C04F79EFBC}") = "WellMindApi.UnitTests", "tests\WellMindApi.UnitTests\WellMindApi.UnitTests.csproj", "{A3460ACD-1CB5-4353-805A-EC10D586D22A}"
EndProject
Project("{FAE04EC0-301F-11D3-BF4B-00C04F79EFBC}") = "WellMindApi.IntegrationTests", "tests\WellMindApi.IntegrationTests\WellMindApi.IntegrationTests.csproj", "{7CF4D617-2B0C-4BA5-84DB-02A54157D61B}"
EndProject
Global
	GlobalSection(SolutionConfigurationPlatforms) = preSolution
		Debug|Any CPU = Debug|Any CPU
		Debug|x64 = Debug|x64
		Debug|x86 = Debug|x86
		Release|Any CPU = Release|Any CPU
		Release|x64 = Release|x64
		Release|x86 = Release|x86
	EndGlobalSection
	GlobalSection(ProjectConfigurationPlatforms) = postSolution
		{5CCC78A8-8CEC-4C1B-9D2B-DE46B21075CF}.Debug|Any CPU.ActiveCfg = Debug|Any CPU
		{5CCC78A8-8CEC-4C1B-9D2B-DE46B21075CF}.Debug|Any CPU.Build.0 = Debug|Any CPU
		{5CCC78A8-8CEC-4C1B-9D2B-DE46B21075CF}.Debug|x64.ActiveCfg = Debug|Any CPU
		{5CCC78A8-8CEC-4C1B-9D2B-DE46B21075CF}.Debug|x64.Build.0 = Debug|Any CPU
		{5CCC78A8-8CEC-4C1B-9D2B-DE46B21075CF}.Debug|x86.ActiveCfg = Debug|Any CPU
		{5CCC78A8-8CEC-4C1B-9D2B-DE46B21075CF}.Debug|x86.Build.0 = Debug|Any CPU
		{5CCC78A8-8CEC-4C1B-9D2B-DE46B21075CF}.Release|Any CPU.ActiveCfg = Release|Any CPU
		{5CCC78A8-8CEC-4C1B-9D2B-DE46B21075CF}.Release|Any CPU.Build.0 = Release|Any CPU
		{5CCC78A8-8CEC-4C1B-9D2B-DE46B21075CF}.Release|x64.ActiveCfg = Release|Any CPU
		{5CCC78A8-8CEC-4C1B-9D2B-DE46B21075CF}.Release|x64.Build.0 = Release|Any CPU
		{5CCC78A8-8CEC-4C1B-9D2B-DE46B21075CF}.Release|x86.ActiveCfg = Release|Any CPU
		{5CCC78A8-8CEC-4C1B-9D2B-DE46B21075CF}.Release|x86.Build.0 = Release|Any CPU
		{943BEEFB-B017-4865-97D4-AE24F54BBE70}.Debug|Any CPU.ActiveCfg = Debug|Any CPU
		{943BEEFB-B017-4865-97D4-AE24F54BBE70}.Debug|Any CPU.Build.0 = Debug|Any CPU
		{943BEEFB-B017-4865-97D4-AE24F54BBE70}.Debug|x64.ActiveCfg = Debug|Any CPU
		{943BEEFB-B017-4865-97D4-AE24F54BBE70}.Debug|x64.Build.0 = Debug|Any CPU
		{943BEEFB-B017-4865-97D4-AE24F54BBE70}.Debug|x86.ActiveCfg = Debug|Any CPU
		{943BEEFB-B017-4865-97D4-AE24F54BBE70}.Debug|x86.Build.0 = Debug|Any CPU
		{943BEEFB-B017-4865-97D4-AE24F54BBE70}.Release|Any CPU.ActiveCfg = Release|Any CPU
		{943BEEFB-B017-4865-97D4-AE24F54BBE70}.Release|Any CPU.Build.0 = Release|Any CPU
		{943BEEFB-B017-4865-97D4-AE24F54BBE70}.Release|x64.ActiveCfg = Release|Any CPU
		{943BEEFB-B017-4865-97D4-AE24F54BBE70}.Release|x64.Build.0 = Release|Any CPU
		{943BEEFB-B017-4865-97D4-AE24F54BBE70}.Release|x86.ActiveCfg = Release|Any CPU
		{943BEEFB-B017-4865-97D4-AE24F54BBE70}.Release|x86.Build.0 = Release|Any CPU
		{6E29E5C5-2A6F-4004-813F-9B2ABA5F355A}.Debug|Any CPU.ActiveCfg = Debug|Any CPU
		{6E29E5C5-2A6F-4004-813F-9B2ABA5F355A}.Debug|Any CPU.Build.0 = Debug|Any CPU
		{6E29E5C5-2A6F-4004-813F-9B2ABA5F355A}.Debug|x64.ActiveCfg = Debug|Any CPU
		{6E29E5C5-2A6F-4004-813F-9B2ABA5F355A}.Debug|x64.Build.0 = Debug|Any CPU
		{6E29E5C5-2A6F-4004-813F-9B2ABA5F355A}.Debug|x86.ActiveCfg = Debug|Any CPU
		{6E29E5C5-2A6F-4004-813F-9B2ABA5F355A}.Debug|x86.Build.0 = Debug|Any CPU
		{6E29E5C5-2A6F-4004-813F-9B2ABA5F355A}.Release|Any CPU.ActiveCfg = Release|Any CPU
		{6E29E5C5-2A6F-4004-813F-9B2ABA5F355A}.Release|Any CPU.Build.0 = Release|Any CPU
		{6E29E5C5-2A6F-4004-813F-9B2ABA5F355A}.Release|x64.ActiveCfg = Release|Any CPU
		{6E29E5C5-2A6F-4004-813F-9B2ABA5F355A}.Release|x64.Build.0 = Release|Any CPU
		{6E29E5C5-2A6F-4004-813F-9B2ABA5F355A}.Release|x86.ActiveCfg = Release|Any CPU
		{6E29E5C5-2A6F-4004-813F-9B2ABA5F355A}.Release|x86.Build.0 = Release|Any CPU
		{5BF7481E-D326-4D00-BF81-F7DFEF1DAFB6}.Debug|Any CPU.ActiveCfg = Debug|Any CPU
		{5BF7481E-D326-4D00-BF81-F7DFEF1DAFB6}.Debug|Any CPU.Build.0 = Debug|Any CPU
		{5BF7481E-D326-4D00-BF81-F7DFEF1DAFB6}.Debug|x64.ActiveCfg = Debug|Any CPU
		{5BF7481E-D326-4D00-BF81-F7DFEF1DAFB6}.Debug|x64.Build.0 = Debug|Any CPU
		{5BF7481E-D326-4D00-BF81-F7DFEF1DAFB6}.Debug|x86.ActiveCfg = Debug|Any CPU
		{5BF7481E-D326-4D00-BF81-F7DFEF1DAFB6}.Debug|x86.Build.0 = Debug|Any CPU
		{5BF7481E-D326-4D00-BF81-F7DFEF1DAFB6}.Release|Any CPU.ActiveCfg = Release|Any CPU
		{5BF7481E-D326-4D00-BF81-F7DFEF1DAFB6}.Release|Any CPU.Build.0 = Release|Any CPU
		{5BF7481E-D326-4D00-BF81-F7DFEF1DAFB6}.Release|x64.ActiveCfg = Release|Any CPU
		{5BF7481E-D326-4D00-BF81-F7DFEF1DAFB6}.Release|x64.Build.0 = Release|Any CPU
		{5BF7481E-D326-4D00-BF81-F7DFEF1DAFB6}.Release|x86.ActiveCfg = Release|Any CPU
		{5BF7481E-D326-4D00-BF81-F7DFEF1DAFB6}.Release|x86.Build.0 = Release|Any CPU
		{A3460ACD-1CB5-4353-805A-EC10D586D22A}.Debug|Any CPU.ActiveCfg = Debug|Any CPU
		{A3460ACD-1CB5-4353-805A-EC10D586D22A}.Debug|Any CPU.Build.0 = Debug|Any CPU
		{A3460ACD-1CB5-4353-805A-EC10D586D22A}.Debug|x64.ActiveCfg = Debug|Any CPU
		{A3460ACD-1CB5-4353-805A-EC10D586D22A}.Debug|x64.Build.0 = Debug|Any CPU
		{A3460ACD-1CB5-4353-805A-EC10D586D22A}.Debug|x86.ActiveCfg = Debug|Any CPU
		{A3460ACD-1CB5-4353-805A-EC10D586D22A}.Debug|x86.Build.0 = Debug|Any CPU
		{A3460ACD-1CB5-4353-805A-EC10D586D22A}.Release|Any CPU.ActiveCfg = Release|Any CPU
		{A3460ACD-1CB5-4353-805A-EC10D586D22A}.Release|Any CPU.Build.0 = Release|Any CPU
		{A3460ACD-1CB5-4353-805A-EC10D586D22A}.Release|x64.ActiveCfg = Release|Any CPU
		{A3460ACD-1CB5-4353-805A-EC10D586D22A}.Release|x64.Build.0 = Release|Any CPU
		{A3460ACD-1CB5-4353-805A-EC10D586D22A}.Release|x86.ActiveCfg = Release|Any CPU
		{A3460ACD-1CB5-4353-805A-EC10D586D22A}.Release|x86.Build.0 = Release|Any CPU
		{7CF4D617-2B0C-4BA5-84DB-02A54157D61B}.Debug|Any CPU.ActiveCfg = Debug|Any CPU
		{7CF4D617-2B0C-4BA5-84DB-02A54157D61B}.Debug|Any CPU.Build.0 = Debug|Any CPU
		{7CF4D617-2B0C-4BA5-84DB-02A54157D61B}.Debug|x64.ActiveCfg = Debug|Any CPU
		{7CF4D617-2B0C-4BA5-84DB-02A54157D61B}.Debug|x64.Build.0 = Debug|Any CPU
		{7CF4D617-2B0C-4BA5-84DB-02A54157D61B}.Debug|x86.ActiveCfg = Debug|Any CPU
		{7CF4D617-2B0C-4BA5-84DB-02A54157D61B}.Debug|x86.Build.0 = Debug|Any CPU
		{7CF4D617-2B0C-4BA5-84DB-02A54157D61B}.Release|Any CPU.ActiveCfg = Release|Any CPU
		{7CF4D617-2B0C-4BA5-84DB-02A54157D61B}.Release|Any CPU.Build.0 = Release|Any CPU
		{7CF4D617-2B0C-4BA5-84DB-02A54157D61B}.Release|x64.ActiveCfg = Release|Any CPU
		{7CF4D617-2B0C-4BA5-84DB-02A54157D61B}.Release|x64.Build.0 = Release|Any CPU
		{7CF4D617-2B0C-4BA5-84DB-02A54157D61B}.Release|x86.ActiveCfg = Release|Any CPU
		{7CF4D617-2B0C-4BA5-84DB-02A54157D61B}.Release|x86.Build.0 = Release|Any CPU
	EndGlobalSection
	GlobalSection(SolutionProperties) = preSolution
		HideSolutionNode = FALSE
	EndGlobalSection
	GlobalSection(NestedProjects) = preSolution
		{5CCC78A8-8CEC-4C1B-9D2B-DE46B21075CF} = {827E0CD3-B72D-47B6-A68D-7590B98EB39B}
		{943BEEFB-B017-4865-97D4-AE24F54BBE70} = {827E0CD3-B72D-47B6-A68D-7590B98EB39B}
		{6E29E5C5-2A6F-4004-813F-9B2ABA5F355A} = {827E0CD3-B72D-47B6-A68D-7590B98EB39B}
		{5BF7481E-D326-4D00-BF81-F7DFEF1DAFB6} = {827E0CD3-B72D-47B6-A68D-7590B98EB39B}
		{A3460ACD-1CB5-4353-805A-EC10D586D22A} = {0AB3BF05-4346-4AA6-1389-037BE0695223}
		{7CF4D617-2B0C-4BA5-84DB-02A54157D61B} = {0AB3BF05-4346-4AA6-1389-037BE0695223}
	EndGlobalSection
EndGlobal
